
Microsoft Visual Studio Solution File, Format Version 12.00
# Visual Studio Version 17
VisualStudioVersion = 17.14.37314.3
MinimumVisualStudioVersion = 10.0.40219.1
Project("{FAE04EC0-301F-11D3-BF4B-00C04F79EFBC}") = "INCLServer.Cs", "INCLServer.Cs.csproj", "{69D8621D-2412-F28D-2CC8-762827E9FA33}"
EndProject
Project("{FAE04EC0-301F-11D3-BF4B-00C04F79EFBC}") = "INCLUDIS.Utils.CommonDB", "..\commondb\INCLUDIS.Utils.CommonDB.csproj", "{8EC9938D-C906-4504-8D2C-B85CCC2B4129}"
EndProject
Global
	GlobalSection(SolutionConfigurationPlatforms) = preSolution
		Debug|Any CPU = Debug|Any CPU
		Release|Any CPU = Release|Any CPU
	EndGlobalSection
	GlobalSection(ProjectConfigurationPlatforms) = postSolution
		{69D8621D-2412-F28D-2CC8-762827E9FA33}.Debug|Any CPU.ActiveCfg = Debug|Any CPU
		{69D8621D-2412-F28D-2CC8-762827E9FA33}.Debug|Any CPU.Build.0 = Debug|Any CPU
		{69D8621D-2412-F28D-2CC8-762827E9FA33}.Release|Any CPU.ActiveCfg = Release|Any CPU
		{69D8621D-2412-F28D-2CC8-762827E9FA33}.Release|Any CPU.Build.0 = Release|Any CPU
		{8EC9938D-C906-4504-8D2C-B85CCC2B4129}.Debug|Any CPU.ActiveCfg = Debug|Any CPU
		{8EC9938D-C906-4504-8D2C-B85CCC2B4129}.Debug|Any CPU.Build.0 = Debug|Any CPU
		{8EC9938D-C906-4504-8D2C-B85CCC2B4129}.Release|Any CPU.ActiveCfg = Release|Any CPU
		{8EC9938D-C906-4504-8D2C-B85CCC2B4129}.Release|Any CPU.Build.0 = Release|Any CPU
	EndGlobalSection
	GlobalSection(SolutionProperties) = preSolution
		HideSolutionNode = FALSE
	EndGlobalSection
	GlobalSection(ExtensibilityGlobals) = postSolution
		SolutionGuid = {11D08A7D-6C4E-44FF-A9B2-5CF2EDB03023}
	EndGlobalSection
EndGlobal
